
Microsoft Visual Studio Solution File, Format Version 12.00
Project("{FAE04EC0-301F-11D3-BF4B-00C04F79EFBC}") = "Mappers.2023.AutoMapper", "Mappers.2023.AutoMapper\Mappers.2023.AutoMapper.csproj", "{699A8DA6-E288-44EC-AD35-48657687FB09}"
EndProject
Project("{FAE04EC0-301F-11D3-BF4B-00C04F79EFBC}") = "Mappers.2023.Mapperly", "Mappers.2023.Mapperly\Mappers.2023.Mapperly.csproj", "{0FCA1FFA-1AE9-4AB0-8E0F-E3B07DCE027E}"
EndProject
Project("{FAE04EC0-301F-11D3-BF4B-00C04F79EFBC}") = "Mappers.2023.Console", "Mappers.2023.Console\Mappers.2023.Console.csproj", "{22DC6B7C-91A9-494C-A27A-C0A257D9DD76}"
EndProject
Project("{FAE04EC0-301F-11D3-BF4B-00C04F79EFBC}") = "Mappers.2023.TinyMapper", "Mappers.2023.TinyMapper\Mappers.2023.TinyMapper.csproj", "{FF11CA07-F568-4773-93A7-2E8A20E6AD5B}"
EndProject
Project("{FAE04EC0-301F-11D3-BF4B-00C04F79EFBC}") = "Mappers.2023.Mapster", "Mappers.2023.Mapster\Mappers.2023.Mapster.csproj", "{BB99CC08-E29E-49C2-995B-FE306EEE2CFF}"
EndProject
Project("{FAE04EC0-301F-11D3-BF4B-00C04F79EFBC}") = "Mappers.2023.Models", "Mappers.2023.Models\Mappers.2023.Models.csproj", "{8894D56A-E1EB-40B8-B56F-AF02269C8D3F}"
EndProject
Project("{2150E333-8FDC-42A3-9474-1A3956D46DE8}") = "Mappers", "Mappers", "{E5D02261-17A2-4CE0-9F71-37040194B30F}"
EndProject
Project("{2150E333-8FDC-42A3-9474-1A3956D46DE8}") = "Models", "Models", "{73BD2BE6-D7BA-48F1-AE83-D9EFA35D640D}"
EndProject
Project("{2150E333-8FDC-42A3-9474-1A3956D46DE8}") = "Benchmarks", "Benchmarks", "{75BAEE9F-414B-47D5-A93B-B0B717B9D61D}"
EndProject
Project("{FAE04EC0-301F-11D3-BF4B-00C04F79EFBC}") = "Mappers.2023.Benchmarks", "Mappers.2023.Benchmarks\Mappers.2023.Benchmarks.csproj", "{C1B41F9E-8721-4DF5-9C03-CFDFFABBBEEF}"
EndProject
Project("{FAE04EC0-301F-11D3-BF4B-00C04F79EFBC}") = "Mappers.2023.Dtos", "Mappers.2023.Dtos\Mappers.2023.Dtos.csproj", "{5246D4A2-F236-41D6-A335-7B9B68A74715}"
EndProject
Project("{FAE04EC0-301F-11D3-BF4B-00C04F79EFBC}") = "Mappers.2023.Manual", "Mappers.2023.Manual\Mappers.2023.Manual.csproj", "{5DAE5F68-52EF-479B-8652-D6147BBEEAA0}"
EndProject
Project("{2150E333-8FDC-42A3-9474-1A3956D46DE8}") = "Tests", "Tests", "{8286100F-5E44-445D-B398-1982539FA2D0}"
EndProject
Project("{FAE04EC0-301F-11D3-BF4B-00C04F79EFBC}") = "Mappers.2023.Tests", "Mappers.2023.Tests\Mappers.2023.Tests.csproj", "{52F91B52-BFFF-41D0-99A6-0FEB61AF777B}"
EndProject
Project("{2150E333-8FDC-42A3-9474-1A3956D46DE8}") = "TestData", "TestData", "{99D1FDE1-C3C1-401F-A681-9A528723B701}"
EndProject
Project("{FAE04EC0-301F-11D3-BF4B-00C04F79EFBC}") = "Mappers.2023.TestData", "Mappers.2023.TestData\Mappers.2023.TestData.csproj", "{6C0EE8CC-20D6-4F0D-8D4E-D389BA29F769}"
EndProject
Project("{2150E333-8FDC-42A3-9474-1A3956D46DE8}") = "Services", "Services", "{E233D5D1-953F-4291-93F4-5B2B6F5314CF}"
EndProject
Project("{FAE04EC0-301F-11D3-BF4B-00C04F79EFBC}") = "Mappers.2023.Services", "Mappers.2023.Services\Mappers.2023.Services.csproj", "{4CE45F77-DCA2-42DE-8D42-66426492582B}"
EndProject
Global
	GlobalSection(SolutionConfigurationPlatforms) = preSolution
		Debug|Any CPU = Debug|Any CPU
		Release|Any CPU = Release|Any CPU
	EndGlobalSection
	GlobalSection(ProjectConfigurationPlatforms) = postSolution
		{699A8DA6-E288-44EC-AD35-48657687FB09}.Debug|Any CPU.ActiveCfg = Debug|Any CPU
		{699A8DA6-E288-44EC-AD35-48657687FB09}.Debug|Any CPU.Build.0 = Debug|Any CPU
		{699A8DA6-E288-44EC-AD35-48657687FB09}.Release|Any CPU.ActiveCfg = Release|Any CPU
		{699A8DA6-E288-44EC-AD35-48657687FB09}.Release|Any CPU.Build.0 = Release|Any CPU
		{0FCA1FFA-1AE9-4AB0-8E0F-E3B07DCE027E}.Debug|Any CPU.ActiveCfg = Debug|Any CPU
		{0FCA1FFA-1AE9-4AB0-8E0F-E3B07DCE027E}.Debug|Any CPU.Build.0 = Debug|Any CPU
		{0FCA1FFA-1AE9-4AB0-8E0F-E3B07DCE027E}.Release|Any CPU.ActiveCfg = Release|Any CPU
		{0FCA1FFA-1AE9-4AB0-8E0F-E3B07DCE027E}.Release|Any CPU.Build.0 = Release|Any CPU
		{22DC6B7C-91A9-494C-A27A-C0A257D9DD76}.Debug|Any CPU.ActiveCfg = Debug|Any CPU
		{22DC6B7C-91A9-494C-A27A-C0A257D9DD76}.Debug|Any CPU.Build.0 = Debug|Any CPU
		{22DC6B7C-91A9-494C-A27A-C0A257D9DD76}.Release|Any CPU.ActiveCfg = Release|Any CPU
		{22DC6B7C-91A9-494C-A27A-C0A257D9DD76}.Release|Any CPU.Build.0 = Release|Any CPU
		{FF11CA07-F568-4773-93A7-2E8A20E6AD5B}.Debug|Any CPU.ActiveCfg = Debug|Any CPU
		{FF11CA07-F568-4773-93A7-2E8A20E6AD5B}.Debug|Any CPU.Build.0 = Debug|Any CPU
		{FF11CA07-F568-4773-93A7-2E8A20E6AD5B}.Release|Any CPU.ActiveCfg = Release|Any CPU
		{FF11CA07-F568-4773-93A7-2E8A20E6AD5B}.Release|Any CPU.Build.0 = Release|Any CPU
		{BB99CC08-E29E-49C2-995B-FE306EEE2CFF}.Debug|Any CPU.ActiveCfg = Debug|Any CPU
		{BB99CC08-E29E-49C2-995B-FE306EEE2CFF}.Debug|Any CPU.Build.0 = Debug|Any CPU
		{BB99CC08-E29E-49C2-995B-FE306EEE2CFF}.Release|Any CPU.ActiveCfg = Release|Any CPU
		{BB99CC08-E29E-49C2-995B-FE306EEE2CFF}.Release|Any CPU.Build.0 = Release|Any CPU
		{8894D56A-E1EB-40B8-B56F-AF02269C8D3F}.Debug|Any CPU.ActiveCfg = Debug|Any CPU
		{8894D56A-E1EB-40B8-B56F-AF02269C8D3F}.Debug|Any CPU.Build.0 = Debug|Any CPU
		{8894D56A-E1EB-40B8-B56F-AF02269C8D3F}.Release|Any CPU.ActiveCfg = Release|Any CPU
		{8894D56A-E1EB-40B8-B56F-AF02269C8D3F}.Release|Any CPU.Build.0 = Release|Any CPU
		{C1B41F9E-8721-4DF5-9C03-CFDFFABBBEEF}.Debug|Any CPU.ActiveCfg = Debug|Any CPU
		{C1B41F9E-8721-4DF5-9C03-CFDFFABBBEEF}.Debug|Any CPU.Build.0 = Debug|Any CPU
		{C1B41F9E-8721-4DF5-9C03-CFDFFABBBEEF}.Release|Any CPU.ActiveCfg = Release|Any CPU
		{C1B41F9E-8721-4DF5-9C03-CFDFFABBBEEF}.Release|Any CPU.Build.0 = Release|Any CPU
		{5246D4A2-F236-41D6-A335-7B9B68A74715}.Debug|Any CPU.ActiveCfg = Debug|Any CPU
		{5246D4A2-F236-41D6-A335-7B9B68A74715}.Debug|Any CPU.Build.0 = Debug|Any CPU
		{5246D4A2-F236-41D6-A335-7B9B68A74715}.Release|Any CPU.ActiveCfg = Release|Any CPU
		{5246D4A2-F236-41D6-A335-7B9B68A74715}.Release|Any CPU.Build.0 = Release|Any CPU
		{5DAE5F68-52EF-479B-8652-D6147BBEEAA0}.Debug|Any CPU.ActiveCfg = Debug|Any CPU
		{5DAE5F68-52EF-479B-8652-D6147BBEEAA0}.Debug|Any CPU.Build.0 = Debug|Any CPU
		{5DAE5F68-52EF-479B-8652-D6147BBEEAA0}.Release|Any CPU.ActiveCfg = Release|Any CPU
		{5DAE5F68-52EF-479B-8652-D6147BBEEAA0}.Release|Any CPU.Build.0 = Release|Any CPU
		{52F91B52-BFFF-41D0-99A6-0FEB61AF777B}.Debug|Any CPU.ActiveCfg = Debug|Any CPU
		{52F91B52-BFFF-41D0-99A6-0FEB61AF777B}.Debug|Any CPU.Build.0 = Debug|Any CPU
		{52F91B52-BFFF-41D0-99A6-0FEB61AF777B}.Release|Any CPU.ActiveCfg = Release|Any CPU
		{52F91B52-BFFF-41D0-99A6-0FEB61AF777B}.Release|Any CPU.Build.0 = Release|Any CPU
		{6C0EE8CC-20D6-4F0D-8D4E-D389BA29F769}.Debug|Any CPU.ActiveCfg = Debug|Any CPU
		{6C0EE8CC-20D6-4F0D-8D4E-D389BA29F769}.Debug|Any CPU.Build.0 = Debug|Any CPU
		{6C0EE8CC-20D6-4F0D-8D4E-D389BA29F769}.Release|Any CPU.ActiveCfg = Release|Any CPU
		{6C0EE8CC-20D6-4F0D-8D4E-D389BA29F769}.Release|Any CPU.Build.0 = Release|Any CPU
		{4CE45F77-DCA2-42DE-8D42-66426492582B}.Debug|Any CPU.ActiveCfg = Debug|Any CPU
		{4CE45F77-DCA2-42DE-8D42-66426492582B}.Debug|Any CPU.Build.0 = Debug|Any CPU
		{4CE45F77-DCA2-42DE-8D42-66426492582B}.Release|Any CPU.ActiveCfg = Release|Any CPU
		{4CE45F77-DCA2-42DE-8D42-66426492582B}.Release|Any CPU.Build.0 = Release|Any CPU
	EndGlobalSection
	GlobalSection(NestedProjects) = preSolution
		{699A8DA6-E288-44EC-AD35-48657687FB09} = {E5D02261-17A2-4CE0-9F71-37040194B30F}
		{0FCA1FFA-1AE9-4AB0-8E0F-E3B07DCE027E} = {E5D02261-17A2-4CE0-9F71-37040194B30F}
		{BB99CC08-E29E-49C2-995B-FE306EEE2CFF} = {E5D02261-17A2-4CE0-9F71-37040194B30F}
		{FF11CA07-F568-4773-93A7-2E8A20E6AD5B} = {E5D02261-17A2-4CE0-9F71-37040194B30F}
		{8894D56A-E1EB-40B8-B56F-AF02269C8D3F} = {73BD2BE6-D7BA-48F1-AE83-D9EFA35D640D}
		{C1B41F9E-8721-4DF5-9C03-CFDFFABBBEEF} = {75BAEE9F-414B-47D5-A93B-B0B717B9D61D}
		{5246D4A2-F236-41D6-A335-7B9B68A74715} = {73BD2BE6-D7BA-48F1-AE83-D9EFA35D640D}
		{5DAE5F68-52EF-479B-8652-D6147BBEEAA0} = {E5D02261-17A2-4CE0-9F71-37040194B30F}
		{52F91B52-BFFF-41D0-99A6-0FEB61AF777B} = {8286100F-5E44-445D-B398-1982539FA2D0}
		{6C0EE8CC-20D6-4F0D-8D4E-D389BA29F769} = {99D1FDE1-C3C1-401F-A681-9A528723B701}
		{4CE45F77-DCA2-42DE-8D42-66426492582B} = {E233D5D1-953F-4291-93F4-5B2B6F5314CF}
	EndGlobalSection
EndGlobal
